// !$*UTF8*$!
{
	archiveVersion = 1;
	classes = {
	};
	objectVersion = 46;
	objects = {

/* Begin PBXBuildFile section */
		4AE784A11CBFF73300DA0F95 /* AppDelegate.swift in Sources */ = {isa = PBXBuildFile; fileRef = 4AE784A01CBFF73300DA0F95 /* AppDelegate.swift */; };
		4AE784A31CBFF73300DA0F95 /* ViewController.swift in Sources */ = {isa = PBXBuildFile; fileRef = 4AE784A21CBFF73300DA0F95 /* ViewController.swift */; };
		4AE784A61CBFF73300DA0F95 /* Main.storyboard in Resources */ = {isa = PBXBuildFile; fileRef = 4AE784A41CBFF73300DA0F95 /* Main.storyboard */; };
		4AE784A81CBFF73300DA0F95 /* Assets.xcassets in Resources */ = {isa = PBXBuildFile; fileRef = 4AE784A71CBFF73300DA0F95 /* Assets.xcassets */; };
		4AE784AB1CBFF73300DA0F95 /* LaunchScreen.storyboard in Resources */ = {isa = PBXBuildFile; fileRef = 4AE784A91CBFF73300DA0F95 /* LaunchScreen.storyboard */; };
		4AE784B61CBFF73300DA0F95 /* calculatorTests.swift in Sources */ = {isa = PBXBuildFile; fileRef = 4AE784B51CBFF73300DA0F95 /* calculatorTests.swift */; };
		4AE784C11CBFF73300DA0F95 /* calculatorUITests.swift in Sources */ = {isa = PBXBuildFile; fileRef = 4AE784C01CBFF73300DA0F95 /* calculatorUITests.swift */; };
/* End PBXBuildFile section */

/* Begin PBXContainerItemProxy section */
		4AE784B21CBFF73300DA0F95 /* PBXContainerItemProxy */ = {
			isa = PBXContainerItemProxy;
			containerPortal = 4AE784951CBFF73300DA0F95 /* Project object */;
			proxyType = 1;
			remoteGlobalIDString = 4AE7849C1CBFF73300DA0F95;
			remoteInfo = calculator;
		};
		4AE784BD1CBFF73300DA0F95 /* PBXContainerItemProxy */ = {
			isa = PBXContainerItemProxy;
			containerPortal = 4AE784951CBFF73300DA0F95 /* Project object */;
			proxyType = 1;
			remoteGlobalIDString = 4AE7849C1CBFF73300DA0F95;
			remoteInfo = calculator;
		};
/* End PBXContainerItemProxy section */

/* Begin PBXFileReference section */
		4AE7849D1CBFF73300DA0F95 /* calculator.app */ = {isa = PBXFileReference; explicitFileType = wrapper.application; includeInIndex = 0; path = calculator.app; sourceTree = BUILT_PRODUCTS_DIR; };
		4AE784A01CBFF73300DA0F95 /* AppDelegate.swift */ = {isa = PBXFileReference; lastKnownFileType = sourcecode.swift; path = AppDelegate.swift; sourceTree = "<group>"; };
		4AE784A21CBFF73300DA0F95 /* ViewController.swift */ = {isa = PBXFileReference; lastKnownFileType = sourcecode.swift; path = ViewController.swift; sourceTree = "<group>"; };
		4AE784A51CBFF73300DA0F95 /* Base */ = {isa = PBXFileReference; lastKnownFileType = file.storyboard; name = Base; path = Base.lproj/Main.storyboard; sourceTree = "<group>"; };
		4AE784A71CBFF73300DA0F95 /* Assets.xcassets */ = {isa = PBXFileReference; lastKnownFileType = folder.assetcatalog; path = Assets.xcassets; sourceTree = "<group>"; };
		4AE784AA1CBFF73300DA0F95 /* Base */ = {isa = PBXFileReference; lastKnownFileType = file.storyboard; name = Base; path = Base.lproj/LaunchScreen.storyboard; sourceTree = "<group>"; };
		4AE784AC1CBFF73300DA0F95 /* Info.plist */ = {isa = PBXFileReference; lastKnownFileType = text.plist.xml; path = Info.plist; sourceTree = "<group>"; };
		4AE784B11CBFF73300DA0F95 /* calculatorTests.xctest */ = {isa = PBXFileReference; explicitFileType = wrapper.cfbundle; includeInIndex = 0; path = calculatorTests.xctest; sourceTree = BUILT_PRODUCTS_DIR; };
		4AE784B51CBFF73300DA0F95 /* calculatorTests.swift */ = {isa = PBXFileReference; lastKnownFileType = sourcecode.swift; path = calculatorTests.swift; sourceTree = "<group>"; };
		4AE784B71CBFF73300DA0F95 /* Info.plist */ = {isa = PBXFileReference; lastKnownFileType = text.plist.xml; path = Info.plist; sourceTree = "<group>"; };
		4AE784BC1CBFF73300DA0F95 /* calculatorUITests.xctest */ = {isa = PBXFileReference; explicitFileType = wrapper.cfbundle; includeInIndex = 0; path = calculatorUITests.xctest; sourceTree = BUILT_PRODUCTS_DIR; };
		4AE784C01CBFF73300DA0F95 /* calculatorUITests.swift */ = {isa = PBXFileReference; lastKnownFileType = sourcecode.swift; path = calculatorUITests.swift; sourceTree = "<group>"; };
		4AE784C21CBFF73300DA0F95 /* Info.plist */ = {isa = PBXFileReference; lastKnownFileType = text.plist.xml; path = Info.plist; sourceTree = "<group>"; };
/* End PBXFileReference section */

/* Begin PBXFrameworksBuildPhase section */
		4AE7849A1CBFF73300DA0F95 /* Frameworks */ = {
			isa = PBXFrameworksBuildPhase;
			buildActionMask = 2147483647;
			files = (
			);
			runOnlyForDeploymentPostprocessing = 0;
		};
		4AE784AE1CBFF73300DA0F95 /* Frameworks */ = {
			isa = PBXFrameworksBuildPhase;
			buildActionMask = 2147483647;
			files = (
			);
			runOnlyForDeploymentPostprocessing = 0;
		};
		4AE784B91CBFF73300DA0F95 /* Frameworks */ = {
			isa = PBXFrameworksBuildPhase;
			buildActionMask = 2147483647;
			files = (
			);
			runOnlyForDeploymentPostprocessing = 0;
		};
/* End PBXFrameworksBuildPhase section */

/* Begin PBXGroup section */
		4AE784941CBFF73300DA0F95 = {
			isa = PBXGroup;
			children = (
				4AE7849F1CBFF73300DA0F95 /* calculator */,
				4AE784B41CBFF73300DA0F95 /* calculatorTests */,
				4AE784BF1CBFF73300DA0F95 /* calculatorUITests */,
				4AE7849E1CBFF73300DA0F95 /* Products */,
			);
			sourceTree = "<group>";
		};
		4AE7849E1CBFF73300DA0F95 /* Products */ = {
			isa = PBXGroup;
			children = (
				4AE7849D1CBFF73300DA0F95 /* calculator.app */,
				4AE784B11CBFF73300DA0F95 /* calculatorTests.xctest */,
				4AE784BC1CBFF73300DA0F95 /* calculatorUITests.xctest */,
			);
			name = Products;
			sourceTree = "<group>";
		};
		4AE7849F1CBFF73300DA0F95 /* calculator */ = {
			isa = PBXGroup;
			children = (
				4AE784A01CBFF73300DA0F95 /* AppDelegate.swift */,
				4AE784A21CBFF73300DA0F95 /* ViewController.swift */,
				4AE784A41CBFF73300DA0F95 /* Main.storyboard */,
				4AE784A71CBFF73300DA0F95 /* Assets.xcassets */,
				4AE784A91CBFF73300DA0F95 /* LaunchScreen.storyboard */,
				4AE784AC1CBFF73300DA0F95 /* Info.plist */,
			);
			path = calculator;
			sourceTree = "<group>";
		};
		4AE784B41CBFF73300DA0F95 /* calculatorTests */ = {
			isa = PBXGroup;
			children = (
				4AE784B51CBFF73300DA0F95 /* calculatorTests.swift */,
				4AE784B71CBFF73300DA0F95 /* Info.plist */,
			);
			path = calculatorTests;
			sourceTree = "<group>";
		};
		4AE784BF1CBFF73300DA0F95 /* calculatorUITests */ = {
			isa = PBXGroup;
			children = (
				4AE784C01CBFF73300DA0F95 /* calculatorUITests.swift */,
				4AE784C21CBFF73300DA0F95 /* Info.plist */,
			);
			path = calculatorUITests;
			sourceTree = "<group>";
		};
/* End PBXGroup section */

/* Begin PBXNativeTarget section */
		4AE7849C1CBFF73300DA0F95 /* calculator */ = {
			isa = PBXNativeTarget;
			buildConfigurationList = 4AE784C51CBFF73300DA0F95 /* Build configuration list for PBXNativeTarget "calculator" */;
			buildPhases = (
				4AE784991CBFF73300DA0F95 /* Sources */,
				4AE7849A1CBFF73300DA0F95 /* Frameworks */,
				4AE7849B1CBFF73300DA0F95 /* Resources */,
			);
			buildRules = (
			);
			dependencies = (
			);
			name = calculator;
			productName = calculator;
			productReference = 4AE7849D1CBFF73300DA0F95 /* calculator.app */;
			productType = "com.apple.product-type.application";
		};
		4AE784B01CBFF73300DA0F95 /* calculatorTests */ = {
			isa = PBXNativeTarget;
			buildConfigurationList = 4AE784C81CBFF73300DA0F95 /* Build configuration list for PBXNativeTarget "calculatorTests" */;
			buildPhases = (
				4AE784AD1CBFF73300DA0F95 /* Sources */,
				4AE784AE1CBFF73300DA0F95 /* Frameworks */,
				4AE784AF1CBFF73300DA0F95 /* Resources */,
			);
			buildRules = (
			);
			dependencies = (
				4AE784B31CBFF73300DA0F95 /* PBXTargetDependency */,
			);
			name = calculatorTests;
			productName = calculatorTests;
			productReference = 4AE784B11CBFF73300DA0F95 /* calculatorTests.xctest */;
			productType = "com.apple.product-type.bundle.unit-test";
		};
		4AE784BB1CBFF73300DA0F95 /* calculatorUITests */ = {
			isa = PBXNativeTarget;
			buildConfigurationList = 4AE784CB1CBFF73300DA0F95 /* Build configuration list for PBXNativeTarget "calculatorUITests" */;
			buildPhases = (
				4AE784B81CBFF73300DA0F95 /* Sources */,
				4AE784B91CBFF73300DA0F95 /* Frameworks */,
				4AE784BA1CBFF73300DA0F95 /* Resources */,
			);
			buildRules = (
			);
			dependencies = (
				4AE784BE1CBFF73300DA0F95 /* PBXTargetDependency */,
			);
			name = calculatorUITests;
			productName = calculatorUITests;
			productReference = 4AE784BC1CBFF73300DA0F95 /* calculatorUITests.xctest */;
			productType = "com.apple.product-type.bundle.ui-testing";
		};
/* End PBXNativeTarget section */

/* Begin PBXProject section */
		4AE784951CBFF73300DA0F95 /* Project object */ = {
			isa = PBXProject;
			attributes = {
				LastSwiftUpdateCheck = 0720;
				LastUpgradeCheck = 0720;
				ORGANIZATIONNAME = FrontierGroup;
				TargetAttributes = {
					4AE7849C1CBFF73300DA0F95 = {
						CreatedOnToolsVersion = 7.2.1;
					};
					4AE784B01CBFF73300DA0F95 = {
						CreatedOnToolsVersion = 7.2.1;
						TestTargetID = 4AE7849C1CBFF73300DA0F95;
					};
					4AE784BB1CBFF73300DA0F95 = {
						CreatedOnToolsVersion = 7.2.1;
						TestTargetID = 4AE7849C1CBFF73300DA0F95;
					};
				};
			};
			buildConfigurationList = 4AE784981CBFF73300DA0F95 /* Build configuration list for PBXProject "calculator" */;
			compatibilityVersion = "Xcode 3.2";
			developmentRegion = English;
			hasScannedForEncodings = 0;
			knownRegions = (
				en,
				Base,
			);
			mainGroup = 4AE784941CBFF73300DA0F95;
			productRefGroup = 4AE7849E1CBFF73300DA0F95 /* Products */;
			projectDirPath = "";
			projectRoot = "";
			targets = (
				4AE7849C1CBFF73300DA0F95 /* calculator */,
				4AE784B01CBFF73300DA0F95 /* calculatorTests */,
				4AE784BB1CBFF73300DA0F95 /* calculatorUITests */,
			);
		};
/* End PBXProject section */

/* Begin PBXResourcesBuildPhase section */
		4AE7849B1CBFF73300DA0F95 /* Resources */ = {
			isa = PBXResourcesBuildPhase;
			buildActionMask = 2147483647;
			files = (
				4AE784AB1CBFF73300DA0F95 /* LaunchScreen.storyboard in Resources */,
				4AE784A81CBFF73300DA0F95 /* Assets.xcassets in Resources */,
				4AE784A61CBFF73300DA0F95 /* Main.storyboard in Resources */,
			);
			runOnlyForDeploymentPostprocessing = 0;
		};
		4AE784AF1CBFF73300DA0F95 /* Resources */ = {
			isa = PBXResourcesBuildPhase;
			buildActionMask = 2147483647;
			files = (
			);
			runOnlyForDeploymentPostprocessing = 0;
		};
		4AE784BA1CBFF73300DA0F95 /* Resources */ = {
			isa = PBXResourcesBuildPhase;
			buildActionMask = 2147483647;
			files = (
			);
			runOnlyForDeploymentPostprocessing = 0;
		};
/* End PBXResourcesBuildPhase section */

/* Begin PBXSourcesBuildPhase section */
		4AE784991CBFF73300DA0F95 /* Sources */ = {
			isa = PBXSourcesBuildPhase;
			buildActionMask = 2147483647;
			files = (
				4AE784A31CBFF73300DA0F95 /* ViewController.swift in Sources */,
				4AE784A11CBFF73300DA0F95 /* AppDelegate.swift in Sources */,
			);
			runOnlyForDeploymentPostprocessing = 0;
		};
		4AE784AD1CBFF73300DA0F95 /* Sources */ = {
			isa = PBXSourcesBuildPhase;
			buildActionMask = 2147483647;
			files = (
				4AE784B61CBFF73300DA0F95 /* calculatorTests.swift in Sources */,
			);
			runOnlyForDeploymentPostprocessing = 0;
		};
		4AE784B81CBFF73300DA0F95 /* Sources */ = {
			isa = PBXSourcesBuildPhase;
			buildActionMask = 2147483647;
			files = (
				4AE784C11CBFF73300DA0F95 /* calculatorUITests.swift in Sources */,
			);
			runOnlyForDeploymentPostprocessing = 0;
		};
/* End PBXSourcesBuildPhase section */

/* Begin PBXTargetDependency section */
		4AE784B31CBFF73300DA0F95 /* PBXTargetDependency */ = {
			isa = PBXTargetDependency;
			target = 4AE7849C1CBFF73300DA0F95 /* calculator */;
			targetProxy = 4AE784B21CBFF73300DA0F95 /* PBXContainerItemProxy */;
		};
		4AE784BE1CBFF73300DA0F95 /* PBXTargetDependency */ = {
			isa = PBXTargetDependency;
			target = 4AE7849C1CBFF73300DA0F95 /* calculator */;
			targetProxy = 4AE784BD1CBFF73300DA0F95 /* PBXContainerItemProxy */;
		};
/* End PBXTargetDependency section */

/* Begin PBXVariantGroup section */
		4AE784A41CBFF73300DA0F95 /* Main.storyboard */ = {
			isa = PBXVariantGroup;
			children = (
				4AE784A51CBFF73300DA0F95 /* Base */,
			);
			name = Main.storyboard;
			sourceTree = "<group>";
		};
		4AE784A91CBFF73300DA0F95 /* LaunchScreen.storyboard */ = {
			isa = PBXVariantGroup;
			children = (
				4AE784AA1CBFF73300DA0F95 /* Base */,
			);
			name = LaunchScreen.storyboard;
			sourceTree = "<group>";
		};
/* End PBXVariantGroup section */

/* Begin XCBuildConfiguration section */
		4AE784C31CBFF73300DA0F95 /* Debug */ = {
			isa = XCBuildConfiguration;
			buildSettings = {
				ALWAYS_SEARCH_USER_PATHS = NO;
				CLANG_CXX_LANGUAGE_STANDARD = "gnu++0x";
				CLANG_CXX_LIBRARY = "libc++";
				CLANG_ENABLE_MODULES = YES;
				CLANG_ENABLE_OBJC_ARC = YES;
				CLANG_WARN_BOOL_CONVERSION = YES;
				CLANG_WARN_CONSTANT_CONVERSION = YES;
				CLANG_WARN_DIRECT_OBJC_ISA_USAGE = YES_ERROR;
				CLANG_WARN_EMPTY_BODY = YES;
				CLANG_WARN_ENUM_CONVERSION = YES;
				CLANG_WARN_INT_CONVERSION = YES;
				CLANG_WARN_OBJC_ROOT_CLASS = YES_ERROR;
				CLANG_WARN_UNREACHABLE_CODE = YES;
				CLANG_WARN__DUPLICATE_METHOD_MATCH = YES;
				"CODE_SIGN_IDENTITY[sdk=iphoneos*]" = "iPhone Developer";
				COPY_PHASE_STRIP = NO;
				DEBUG_INFORMATION_FORMAT = dwarf;
				ENABLE_STRICT_OBJC_MSGSEND = YES;
				ENABLE_TESTABILITY = YES;
				GCC_C_LANGUAGE_STANDARD = gnu99;
				GCC_DYNAMIC_NO_PIC = NO;
				GCC_NO_COMMON_BLOCKS = YES;
				GCC_OPTIMIZATION_LEVEL = 0;
				GCC_PREPROCESSOR_DEFINITIONS = (
					"DEBUG=1",
					"$(inherited)",
				);
				GCC_WARN_64_TO_32_BIT_CONVERSION = YES;
				GCC_WARN_ABOUT_RETURN_TYPE = YES_ERROR;
				GCC_WARN_UNDECLARED_SELECTOR = YES;
				GCC_WARN_UNINITIALIZED_AUTOS = YES_AGGRESSIVE;
				GCC_WARN_UNUSED_FUNCTION = YES;
				GCC_WARN_UNUSED_VARIABLE = YES;
				IPHONEOS_DEPLOYMENT_TARGET = 9.2;
				MTL_ENABLE_DEBUG_INFO = YES;
				ONLY_ACTIVE_ARCH = YES;
				SDKROOT = iphoneos;
				SWIFT_OPTIMIZATION_LEVEL = "-Onone";
			};
			name = Debug;
		};
		4AE784C41CBFF73300DA0F95 /* Release */ = {
			isa = XCBuildConfiguration;
			buildSettings = {
				ALWAYS_SEARCH_USER_PATHS = NO;
				CLANG_CXX_LANGUAGE_STANDARD = "gnu++0x";
				CLANG_CXX_LIBRARY = "libc++";
				CLANG_ENABLE_MODULES = YES;
				CLANG_ENABLE_OBJC_ARC = YES;
				CLANG_WARN_BOOL_CONVERSION = YES;
				CLANG_WARN_CONSTANT_CONVERSION = YES;
				CLANG_WARN_DIRECT_OBJC_ISA_USAGE = YES_ERROR;
				CLANG_WARN_EMPTY_BODY = YES;
				CLANG_WARN_ENUM_CONVERSION = YES;
				CLANG_WARN_INT_CONVERSION = YES;
				CLANG_WARN_OBJC_ROOT_CLASS = YES_ERROR;
				CLANG_WARN_UNREACHABLE_CODE = YES;
				CLANG_WARN__DUPLICATE_METHOD_MATCH = YES;
				"CODE_SIGN_IDENTITY[sdk=iphoneos*]" = "iPhone Developer";
				COPY_PHASE_STRIP = NO;
				DEBUG_INFORMATION_FORMAT = "dwarf-with-dsym";
				ENABLE_NS_ASSERTIONS = NO;
				ENABLE_STRICT_OBJC_MSGSEND = YES;
				GCC_C_LANGUAGE_STANDARD = gnu99;
				GCC_NO_COMMON_BLOCKS = YES;
				GCC_WARN_64_TO_32_BIT_CONVERSION = YES;
				GCC_WARN_ABOUT_RETURN_TYPE = YES_ERROR;
				GCC_WARN_UNDECLARED_SELECTOR = YES;
				GCC_WARN_UNINITIALIZED_AUTOS = YES_AGGRESSIVE;
				GCC_WARN_UNUSED_FUNCTION = YES;
				GCC_WARN_UNUSED_VARIABLE = YES;
				IPHONEOS_DEPLOYMENT_TARGET = 9.2;
				MTL_ENABLE_DEBUG_INFO = NO;
				SDKROOT = iphoneos;
				VALIDATE_PRODUCT = YES;
			};
			name = Release;
		};
		4AE784C61CBFF73300DA0F95 /* Debug */ = {
			isa = XCBuildConfiguration;
			buildSettings = {
				ASSETCATALOG_COMPILER_APPICON_NAME = AppIcon;
				INFOPLIST_FILE = calculator/Info.plist;
				LD_RUNPATH_SEARCH_PATHS = "$(inherited) @executable_path/Frameworks";
				PRODUCT_BUNDLE_IDENTIFIER = com.FrontierGroup.calculator;
				PRODUCT_NAME = "$(TARGET_NAME)";
			};
			name = Debug;
		};
		4AE784C71CBFF73300DA0F95 /* Release */ = {
			isa = XCBuildConfiguration;
			buildSettings = {
				ASSETCATALOG_COMPILER_APPICON_NAME = AppIcon;
				INFOPLIST_FILE = calculator/Info.plist;
				LD_RUNPATH_SEARCH_PATHS = "$(inherited) @executable_path/Frameworks";
				PRODUCT_BUNDLE_IDENTIFIER = com.FrontierGroup.calculator;
				PRODUCT_NAME = "$(TARGET_NAME)";
			};
			name = Release;
		};
		4AE784C91CBFF73300DA0F95 /* Debug */ = {
			isa = XCBuildConfiguration;
			buildSettings = {
				BUNDLE_LOADER = "$(TEST_HOST)";
				INFOPLIST_FILE = calculatorTests/Info.plist;
				LD_RUNPATH_SEARCH_PATHS = "$(inherited) @executable_path/Frameworks @loader_path/Frameworks";
				PRODUCT_BUNDLE_IDENTIFIER = com.FrontierGroup.calculatorTests;
				PRODUCT_NAME = "$(TARGET_NAME)";
				TEST_HOST = "$(BUILT_PRODUCTS_DIR)/calculator.app/calculator";
			};
			name = Debug;
		};
		4AE784CA1CBFF73300DA0F95 /* Release */ = {
			isa = XCBuildConfiguration;
			buildSettings = {
				BUNDLE_LOADER = "$(TEST_HOST)";
				INFOPLIST_FILE = calculatorTests/Info.plist;
				LD_RUNPATH_SEARCH_PATHS = "$(inherited) @executable_path/Frameworks @loader_path/Frameworks";
				PRODUCT_BUNDLE_IDENTIFIER = com.FrontierGroup.calculatorTests;
				PRODUCT_NAME = "$(TARGET_NAME)";
				TEST_HOST = "$(BUILT_PRODUCTS_DIR)/calculator.app/calculator";
			};
			name = Release;
		};
		4AE784CC1CBFF73300DA0F95 /* Debug */ = {
			isa = XCBuildConfiguration;
			buildSettings = {
				INFOPLIST_FILE = calculatorUITests/Info.plist;
				LD_RUNPATH_SEARCH_PATHS = "$(inherited) @executable_path/Frameworks @loader_path/Frameworks";
				PRODUCT_BUNDLE_IDENTIFIER = com.FrontierGroup.calculatorUITests;
				PRODUCT_NAME = "$(TARGET_NAME)";
				TEST_TARGET_NAME = calculator;
				USES_XCTRUNNER = YES;
			};
			name = Debug;
		};
		4AE784CD1CBFF73300DA0F95 /* Release */ = {
			isa = XCBuildConfiguration;
			buildSettings = {
				INFOPLIST_FILE = calculatorUITests/Info.plist;
				LD_RUNPATH_SEARCH_PATHS = "$(inherited) @executable_path/Frameworks @loader_path/Frameworks";
				PRODUCT_BUNDLE_IDENTIFIER = com.FrontierGroup.calculatorUITests;
				PRODUCT_NAME = "$(TARGET_NAME)";
				TEST_TARGET_NAME = calculator;
				USES_XCTRUNNER = YES;
			};
			name = Release;
		};
/* End XCBuildConfiguration section */

/* Begin XCConfigurationList section */
		4AE784981CBFF73300DA0F95 /* Build configuration list for PBXProject "calculator" */ = {
			isa = XCConfigurationList;
			buildConfigurations = (
				4AE784C31CBFF73300DA0F95 /* Debug */,
				4AE784C41CBFF73300DA0F95 /* Release */,
			);
			defaultConfigurationIsVisible = 0;
			defaultConfigurationName = Release;
		};
		4AE784C51CBFF73300DA0F95 /* Build configuration list for PBXNativeTarget "calculator" */ = {
			isa = XCConfigurationList;
			buildConfigurations = (
				4AE784C61CBFF73300DA0F95 /* Debug */,
				4AE784C71CBFF73300DA0F95 /* Release */,
			);
			defaultConfigurationIsVisible = 0;
		};
		4AE784C81CBFF73300DA0F95 /* Build configuration list for PBXNativeTarget "calculatorTests" */ = {
			isa = XCConfigurationList;
			buildConfigurations = (
				4AE784C91CBFF73300DA0F95 /* Debug */,
				4AE784CA1CBFF73300DA0F95 /* Release */,
			);
			defaultConfigurationIsVisible = 0;
		};
		4AE784CB1CBFF73300DA0F95 /* Build configuration list for PBXNativeTarget "calculatorUITests" */ = {
			isa = XCConfigurationList;
			buildConfigurations = (
				4AE784CC1CBFF73300DA0F95 /* Debug */,
				4AE784CD1CBFF73300DA0F95 /* Release */,
			);
			defaultConfigurationIsVisible = 0;
		};
/* End XCConfigurationList section */
	};
	rootObject = 4AE784951CBFF73300DA0F95 /* Project object */;
}
